
Microsoft Visual Studio Solution File, Format Version 12.00
# Visual Studio Version 17
VisualStudioVersion = 17.5.002.0
MinimumVisualStudioVersion = 10.0.40219.1
Project("{9A19103F-16F7-4668-BE54-9A1E7A4F7556}") = "mastering-ai-tools-for-c-sharp-4496091", "mastering-ai-tools-for-c-sharp-4496091.csproj", "{AC07F95B-9834-4047-9800-9539F0051AAE}"
EndProject
Global
	GlobalSection(SolutionConfigurationPlatforms) = preSolution
		Debug|Any CPU = Debug|Any CPU
		Release|Any CPU = Release|Any CPU
	EndGlobalSection
	GlobalSection(ProjectConfigurationPlatforms) = postSolution
		{AC07F95B-9834-4047-9800-9539F0051AAE}.Debug|Any CPU.ActiveCfg = Debug|Any CPU
		{AC07F95B-9834-4047-9800-9539F0051AAE}.Debug|Any CPU.Build.0 = Debug|Any CPU
		{AC07F95B-9834-4047-9800-9539F0051AAE}.Release|Any CPU.ActiveCfg = Release|Any CPU
		{AC07F95B-9834-4047-9800-9539F0051AAE}.Release|Any CPU.Build.0 = Release|Any CPU
	EndGlobalSection
	GlobalSection(SolutionProperties) = preSolution
		HideSolutionNode = FALSE
	EndGlobalSection
	GlobalSection(ExtensibilityGlobals) = postSolution
		SolutionGuid = {C3F51F7E-E888-4EF6-A561-8419A3476478}
	EndGlobalSection
EndGlobal
